
Microsoft Visual Studio Solution File, Format Version 12.00
# Visual Studio Version 17
VisualStudioVersion = 17.8.34330.188
MinimumVisualStudioVersion = 10.0.40219.1
Project("{FAE04EC0-301F-11D3-BF4B-00C04F79EFBC}") = "IntuitClientes.App", "IntuitClientes.App\IntuitClientes.App.csproj", "{9342B3F6-23D7-4C6E-9B93-1D508FC930EA}"
EndProject
Project("{FAE04EC0-301F-11D3-BF4B-00C04F79EFBC}") = "IntuitClientes.CrossCutting", "IntuitClientes.CrossCutting\IntuitClientes.CrossCutting.csproj", "{ABD21673-C672-4E24-A1FB-B3DAEE00E916}"
EndProject
Project("{FAE04EC0-301F-11D3-BF4B-00C04F79EFBC}") = "IntuitClientes.Domain", "IntuitClientes.Domain\IntuitClientes.Domain.csproj", "{94692EB6-D05A-40AD-9AAB-8D39ADABFE7F}"
EndProject
Project("{FAE04EC0-301F-11D3-BF4B-00C04F79EFBC}") = "IntuitClientes.Services", "IntuitClientes.Services\IntuitClientes.Services.csproj", "{48153590-AD5D-45FF-8123-980D7FB17B85}"
EndProject
Project("{FAE04EC0-301F-11D3-BF4B-00C04F79EFBC}") = "IntuitClientes.Repositories", "IntuitClientes.Repositories\IntuitClientes.Repositories.csproj", "{758A9129-A904-4EC0-B35A-7DA44F3A8F40}"
EndProject
Global
	GlobalSection(SolutionConfigurationPlatforms) = preSolution
		Debug|Any CPU = Debug|Any CPU
		Release|Any CPU = Release|Any CPU
	EndGlobalSection
	GlobalSection(ProjectConfigurationPlatforms) = postSolution
		{9342B3F6-23D7-4C6E-9B93-1D508FC930EA}.Debug|Any CPU.ActiveCfg = Debug|Any CPU
		{9342B3F6-23D7-4C6E-9B93-1D508FC930EA}.Debug|Any CPU.Build.0 = Debug|Any CPU
		{9342B3F6-23D7-4C6E-9B93-1D508FC930EA}.Release|Any CPU.ActiveCfg = Release|Any CPU
		{9342B3F6-23D7-4C6E-9B93-1D508FC930EA}.Release|Any CPU.Build.0 = Release|Any CPU
		{ABD21673-C672-4E24-A1FB-B3DAEE00E916}.Debug|Any CPU.ActiveCfg = Debug|Any CPU
		{ABD21673-C672-4E24-A1FB-B3DAEE00E916}.Debug|Any CPU.Build.0 = Debug|Any CPU
		{ABD21673-C672-4E24-A1FB-B3DAEE00E916}.Release|Any CPU.ActiveCfg = Release|Any CPU
		{ABD21673-C672-4E24-A1FB-B3DAEE00E916}.Release|Any CPU.Build.0 = Release|Any CPU
		{94692EB6-D05A-40AD-9AAB-8D39ADABFE7F}.Debug|Any CPU.ActiveCfg = Debug|Any CPU
		{94692EB6-D05A-40AD-9AAB-8D39ADABFE7F}.Debug|Any CPU.Build.0 = Debug|Any CPU
		{94692EB6-D05A-40AD-9AAB-8D39ADABFE7F}.Release|Any CPU.ActiveCfg = Release|Any CPU
		{94692EB6-D05A-40AD-9AAB-8D39ADABFE7F}.Release|Any CPU.Build.0 = Release|Any CPU
		{48153590-AD5D-45FF-8123-980D7FB17B85}.Debug|Any CPU.ActiveCfg = Debug|Any CPU
		{48153590-AD5D-45FF-8123-980D7FB17B85}.Debug|Any CPU.Build.0 = Debug|Any CPU
		{48153590-AD5D-45FF-8123-980D7FB17B85}.Release|Any CPU.ActiveCfg = Release|Any CPU
		{48153590-AD5D-45FF-8123-980D7FB17B85}.Release|Any CPU.Build.0 = Release|Any CPU
		{758A9129-A904-4EC0-B35A-7DA44F3A8F40}.Debug|Any CPU.ActiveCfg = Debug|Any CPU
		{758A9129-A904-4EC0-B35A-7DA44F3A8F40}.Debug|Any CPU.Build.0 = Debug|Any CPU
		{758A9129-A904-4EC0-B35A-7DA44F3A8F40}.Release|Any CPU.ActiveCfg = Release|Any CPU
		{758A9129-A904-4EC0-B35A-7DA44F3A8F40}.Release|Any CPU.Build.0 = Release|Any CPU
	EndGlobalSection
	GlobalSection(SolutionProperties) = preSolution
		HideSolutionNode = FALSE
	EndGlobalSection
	GlobalSection(ExtensibilityGlobals) = postSolution
		SolutionGuid = {3472C1E5-11E8-4542-A2E6-958C86DF9CE8}
	EndGlobalSection
EndGlobal
